
Microsoft Visual Studio Solution File, Format Version 12.00
# Visual Studio Version 16
VisualStudioVersion = 16.0.30011.22
MinimumVisualStudioVersion = 10.0.40219.1
Project("{FAE04EC0-301F-11D3-BF4B-00C04F79EFBC}") = "SimpleCalculator", "SimpleCalculator\SimpleCalculator.csproj", "{CB19C9BD-660C-4609-8CBF-4A1C51CF868D}"
EndProject
Global
	GlobalSection(SolutionConfigurationPlatforms) = preSolution
		Debug|Any CPU = Debug|Any CPU
		Release|Any CPU = Release|Any CPU
	EndGlobalSection
	GlobalSection(ProjectConfigurationPlatforms) = postSolution
		{CB19C9BD-660C-4609-8CBF-4A1C51CF868D}.Debug|Any CPU.ActiveCfg = Debug|Any CPU
		{CB19C9BD-660C-4609-8CBF-4A1C51CF868D}.Debug|Any CPU.Build.0 = Debug|Any CPU
		{CB19C9BD-660C-4609-8CBF-4A1C51CF868D}.Release|Any CPU.ActiveCfg = Release|Any CPU
		{CB19C9BD-660C-4609-8CBF-4A1C51CF868D}.Release|Any CPU.Build.0 = Release|Any CPU
	EndGlobalSection
	GlobalSection(SolutionProperties) = preSolution
		HideSolutionNode = FALSE
	EndGlobalSection
	GlobalSection(ExtensibilityGlobals) = postSolution
		SolutionGuid = {3FB6C70F-376E-460C-B65E-BA14939F7D79}
	EndGlobalSection
EndGlobal
